// !$*UTF8*$!
{
	archiveVersion = 1;
	classes = {
	};
	objectVersion = 56;
	objects = {

/* Begin PBXBuildFile section */
		0E90777A542391BDD4428C96 /* Pods_randomtap.framework in Frameworks */ = {isa = PBXBuildFile; fileRef = C2A03969D41F1C2BBA6B085C /* Pods_randomtap.framework */; };
		662F09EE2939C02C00CF49C0 /* AppDelegate.swift in Sources */ = {isa = PBXBuildFile; fileRef = 662F09ED2939C02C00CF49C0 /* AppDelegate.swift */; };
		662F09F02939C02C00CF49C0 /* SceneDelegate.swift in Sources */ = {isa = PBXBuildFile; fileRef = 662F09EF2939C02C00CF49C0 /* SceneDelegate.swift */; };
		662F09F22939C02C00CF49C0 /* ViewController.swift in Sources */ = {isa = PBXBuildFile; fileRef = 662F09F12939C02C00CF49C0 /* ViewController.swift */; };
		662F09F52939C02C00CF49C0 /* Main.storyboard in Resources */ = {isa = PBXBuildFile; fileRef = 662F09F32939C02C00CF49C0 /* Main.storyboard */; };
		662F09F72939C02E00CF49C0 /* Assets.xcassets in Resources */ = {isa = PBXBuildFile; fileRef = 662F09F62939C02E00CF49C0 /* Assets.xcassets */; };
		662F09FA2939C02E00CF49C0 /* LaunchScreen.storyboard in Resources */ = {isa = PBXBuildFile; fileRef = 662F09F82939C02E00CF49C0 /* LaunchScreen.storyboard */; };
		66974751294890F1003D6057 /* ResultViewController.swift in Sources */ = {isa = PBXBuildFile; fileRef = 66974750294890F1003D6057 /* ResultViewController.swift */; };
		6697475329489265003D6057 /* RankingViewController.swift in Sources */ = {isa = PBXBuildFile; fileRef = 6697475229489265003D6057 /* RankingViewController.swift */; };
		66B41A3B293D9B950002C250 /* TopViewController.swift in Sources */ = {isa = PBXBuildFile; fileRef = 66B41A3A293D9B950002C250 /* TopViewController.swift */; };
/* End PBXBuildFile section */

/* Begin PBXFileReference section */
		662F09EA2939C02C00CF49C0 /* randomtap.app */ = {isa = PBXFileReference; explicitFileType = wrapper.application; includeInIndex = 0; path = randomtap.app; sourceTree = BUILT_PRODUCTS_DIR; };
		662F09ED2939C02C00CF49C0 /* AppDelegate.swift */ = {isa = PBXFileReference; lastKnownFileType = sourcecode.swift; path = AppDelegate.swift; sourceTree = "<group>"; };
		662F09EF2939C02C00CF49C0 /* SceneDelegate.swift */ = {isa = PBXFileReference; lastKnownFileType = sourcecode.swift; path = SceneDelegate.swift; sourceTree = "<group>"; };
		662F09F12939C02C00CF49C0 /* ViewController.swift */ = {isa = PBXFileReference; lastKnownFileType = sourcecode.swift; path = ViewController.swift; sourceTree = "<group>"; };
		662F09F42939C02C00CF49C0 /* Base */ = {isa = PBXFileReference; lastKnownFileType = file.storyboard; name = Base; path = Base.lproj/Main.storyboard; sourceTree = "<group>"; };
		662F09F62939C02E00CF49C0 /* Assets.xcassets */ = {isa = PBXFileReference; lastKnownFileType = folder.assetcatalog; path = Assets.xcassets; sourceTree = "<group>"; };
		662F09F92939C02E00CF49C0 /* Base */ = {isa = PBXFileReference; lastKnownFileType = file.storyboard; name = Base; path = Base.lproj/LaunchScreen.storyboard; sourceTree = "<group>"; };
		662F09FB2939C02E00CF49C0 /* Info.plist */ = {isa = PBXFileReference; lastKnownFileType = text.plist.xml; path = Info.plist; sourceTree = "<group>"; };
		66974750294890F1003D6057 /* ResultViewController.swift */ = {isa = PBXFileReference; fileEncoding = 4; lastKnownFileType = sourcecode.swift; path = ResultViewController.swift; sourceTree = "<group>"; };
		6697475229489265003D6057 /* RankingViewController.swift */ = {isa = PBXFileReference; lastKnownFileType = sourcecode.swift; path = RankingViewController.swift; sourceTree = "<group>"; };
		66B0B48F294A250A00A00349 /* ja */ = {isa = PBXFileReference; lastKnownFileType = text.plist.strings; name = ja; path = ja.lproj/Main.strings; sourceTree = "<group>"; };
		66B0B490294A250A00A00349 /* ja */ = {isa = PBXFileReference; lastKnownFileType = text.plist.strings; name = ja; path = ja.lproj/LaunchScreen.strings; sourceTree = "<group>"; };
		66B41A3A293D9B950002C250 /* TopViewController.swift */ = {isa = PBXFileReference; lastKnownFileType = sourcecode.swift; path = TopViewController.swift; sourceTree = "<group>"; };
		C046567126AA0ADDBD3720BA /* Pods-randomtap.debug.xcconfig */ = {isa = PBXFileReference; includeInIndex = 1; lastKnownFileType = text.xcconfig; name = "Pods-randomtap.debug.xcconfig"; path = "Target Support Files/Pods-randomtap/Pods-randomtap.debug.xcconfig"; sourceTree = "<group>"; };
		C2A03969D41F1C2BBA6B085C /* Pods_randomtap.framework */ = {isa = PBXFileReference; explicitFileType = wrapper.framework; includeInIndex = 0; path = Pods_randomtap.framework; sourceTree = BUILT_PRODUCTS_DIR; };
		D99ECAF28065F0734B1044A4 /* Pods-randomtap.release.xcconfig */ = {isa = PBXFileReference; includeInIndex = 1; lastKnownFileType = text.xcconfig; name = "Pods-randomtap.release.xcconfig"; path = "Target Support Files/Pods-randomtap/Pods-randomtap.release.xcconfig"; sourceTree = "<group>"; };
/* End PBXFileReference section */

/* Begin PBXFrameworksBuildPhase section */
		662F09E72939C02C00CF49C0 /* Frameworks */ = {
			isa = PBXFrameworksBuildPhase;
			buildActionMask = 2147483647;
			files = (
				0E90777A542391BDD4428C96 /* Pods_randomtap.framework in Frameworks */,
			);
			runOnlyForDeploymentPostprocessing = 0;
		};
/* End PBXFrameworksBuildPhase section */

/* Begin PBXGroup section */
		662F09E12939C02C00CF49C0 = {
			isa = PBXGroup;
			children = (
				662F09EC2939C02C00CF49C0 /* randomtap */,
				662F09EB2939C02C00CF49C0 /* Products */,
				E2FE769E1FDCE3B7BE2C6F59 /* Pods */,
				AB2DF20A50AEFD0854ECB0C0 /* Frameworks */,
			);
			sourceTree = "<group>";
		};
		662F09EB2939C02C00CF49C0 /* Products */ = {
			isa = PBXGroup;
			children = (
				662F09EA2939C02C00CF49C0 /* randomtap.app */,
			);
			name = Products;
			sourceTree = "<group>";
		};
		662F09EC2939C02C00CF49C0 /* randomtap */ = {
			isa = PBXGroup;
			children = (
				662F09ED2939C02C00CF49C0 /* AppDelegate.swift */,
				662F09EF2939C02C00CF49C0 /* SceneDelegate.swift */,
				66B41A3A293D9B950002C250 /* TopViewController.swift */,
				662F09F12939C02C00CF49C0 /* ViewController.swift */,
				66974750294890F1003D6057 /* ResultViewController.swift */,
				6697475229489265003D6057 /* RankingViewController.swift */,
				662F09F32939C02C00CF49C0 /* Main.storyboard */,
				662F09F62939C02E00CF49C0 /* Assets.xcassets */,
				662F09F82939C02E00CF49C0 /* LaunchScreen.storyboard */,
				662F09FB2939C02E00CF49C0 /* Info.plist */,
			);
			path = randomtap;
			sourceTree = "<group>";
		};
		AB2DF20A50AEFD0854ECB0C0 /* Frameworks */ = {
			isa = PBXGroup;
			children = (
				C2A03969D41F1C2BBA6B085C /* Pods_randomtap.framework */,
			);
			name = Frameworks;
			sourceTree = "<group>";
		};
		E2FE769E1FDCE3B7BE2C6F59 /* Pods */ = {
			isa = PBXGroup;
			children = (
				C046567126AA0ADDBD3720BA /* Pods-randomtap.debug.xcconfig */,
				D99ECAF28065F0734B1044A4 /* Pods-randomtap.release.xcconfig */,
			);
			path = Pods;
			sourceTree = "<group>";
		};
/* End PBXGroup section */

/* Begin PBXNativeTarget section */
		662F09E92939C02C00CF49C0 /* randomtap */ = {
			isa = PBXNativeTarget;
			buildConfigurationList = 662F09FE2939C02E00CF49C0 /* Build configuration list for PBXNativeTarget "randomtap" */;
			buildPhases = (
				91C85D3EEF64501BBA266A66 /* [CP] Check Pods Manifest.lock */,
				662F09E62939C02C00CF49C0 /* Sources */,
				662F09E72939C02C00CF49C0 /* Frameworks */,
				662F09E82939C02C00CF49C0 /* Resources */,
				62065E4BA92313DFAD7D7AA5 /* [CP] Embed Pods Frameworks */,
			);
			buildRules = (
			);
			dependencies = (
			);
			name = randomtap;
			productName = randomtap;
			productReference = 662F09EA2939C02C00CF49C0 /* randomtap.app */;
			productType = "com.apple.product-type.application";
		};
/* End PBXNativeTarget section */

/* Begin PBXProject section */
		662F09E22939C02C00CF49C0 /* Project object */ = {
			isa = PBXProject;
			attributes = {
				BuildIndependentTargetsInParallel = 1;
				LastSwiftUpdateCheck = 1410;
				LastUpgradeCheck = 1410;
				TargetAttributes = {
					662F09E92939C02C00CF49C0 = {
						CreatedOnToolsVersion = 14.1;
					};
				};
			};
			buildConfigurationList = 662F09E52939C02C00CF49C0 /* Build configuration list for PBXProject "randomtap" */;
			compatibilityVersion = "Xcode 14.0";
			developmentRegion = en;
			hasScannedForEncodings = 0;
			knownRegions = (
				en,
				Base,
				ja,
			);
			mainGroup = 662F09E12939C02C00CF49C0;
			productRefGroup = 662F09EB2939C02C00CF49C0 /* Products */;
			projectDirPath = "";
			projectRoot = "";
			targets = (
				662F09E92939C02C00CF49C0 /* randomtap */,
			);
		};
/* End PBXProject section */

/* Begin PBXResourcesBuildPhase section */
		662F09E82939C02C00CF49C0 /* Resources */ = {
			isa = PBXResourcesBuildPhase;
			buildActionMask = 2147483647;
			files = (
				662F09FA2939C02E00CF49C0 /* LaunchScreen.storyboard in Resources */,
				662F09F72939C02E00CF49C0 /* Assets.xcassets in Resources */,
				662F09F52939C02C00CF49C0 /* Main.storyboard in Resources */,
			);
			runOnlyForDeploymentPostprocessing = 0;
		};
/* End PBXResourcesBuildPhase section */

/* Begin PBXShellScriptBuildPhase section */
		62065E4BA92313DFAD7D7AA5 /* [CP] Embed Pods Frameworks */ = {
			isa = PBXShellScriptBuildPhase;
			buildActionMask = 2147483647;
			files = (
			);
			inputFileListPaths = (
				"${PODS_ROOT}/Target Support Files/Pods-randomtap/Pods-randomtap-frameworks-${CONFIGURATION}-input-files.xcfilelist",
			);
			name = "[CP] Embed Pods Frameworks";
			outputFileListPaths = (
				"${PODS_ROOT}/Target Support Files/Pods-randomtap/Pods-randomtap-frameworks-${CONFIGURATION}-output-files.xcfilelist",
			);
			runOnlyForDeploymentPostprocessing = 0;
			shellPath = /bin/sh;
			shellScript = "\"${PODS_ROOT}/Target Support Files/Pods-randomtap/Pods-randomtap-frameworks.sh\"\n";
			showEnvVarsInLog = 0;
		};
		91C85D3EEF64501BBA266A66 /* [CP] Check Pods Manifest.lock */ = {
			isa = PBXShellScriptBuildPhase;
			buildActionMask = 2147483647;
			files = (
			);
			inputFileListPaths = (
			);
			inputPaths = (
				"${PODS_PODFILE_DIR_PATH}/Podfile.lock",
				"${PODS_ROOT}/Manifest.lock",
			);
			name = "[CP] Check Pods Manifest.lock";
			outputFileListPaths = (
			);
			outputPaths = (
				"$(DERIVED_FILE_DIR)/Pods-randomtap-checkManifestLockResult.txt",
			);
			runOnlyForDeploymentPostprocessing = 0;
			shellPath = /bin/sh;
			shellScript = "diff \"${PODS_PODFILE_DIR_PATH}/Podfile.lock\" \"${PODS_ROOT}/Manifest.lock\" > /dev/null\nif [ $? != 0 ] ; then\n    # print error to STDERR\n    echo \"error: The sandbox is not in sync with the Podfile.lock. Run 'pod install' or update your CocoaPods installation.\" >&2\n    exit 1\nfi\n# This output is used by Xcode 'outputs' to avoid re-running this script phase.\necho \"SUCCESS\" > \"${SCRIPT_OUTPUT_FILE_0}\"\n";
			showEnvVarsInLog = 0;
		};
/* End PBXShellScriptBuildPhase section */

/* Begin PBXSourcesBuildPhase section */
		662F09E62939C02C00CF49C0 /* Sources */ = {
			isa = PBXSourcesBuildPhase;
			buildActionMask = 2147483647;
			files = (
				66B41A3B293D9B950002C250 /* TopViewController.swift in Sources */,
				662F09F22939C02C00CF49C0 /* ViewController.swift in Sources */,
				662F09EE2939C02C00CF49C0 /* AppDelegate.swift in Sources */,
				662F09F02939C02C00CF49C0 /* SceneDelegate.swift in Sources */,
				66974751294890F1003D6057 /* ResultViewController.swift in Sources */,
				6697475329489265003D6057 /* RankingViewController.swift in Sources */,
			);
			runOnlyForDeploymentPostprocessing = 0;
		};
/* End PBXSourcesBuildPhase section */

/* Begin PBXVariantGroup section */
		662F09F32939C02C00CF49C0 /* Main.storyboard */ = {
			isa = PBXVariantGroup;
			children = (
				662F09F42939C02C00CF49C0 /* Base */,
				66B0B48F294A250A00A00349 /* ja */,
			);
			name = Main.storyboard;
			sourceTree = "<group>";
		};
		662F09F82939C02E00CF49C0 /* LaunchScreen.storyboard */ = {
			isa = PBXVariantGroup;
			children = (
				662F09F92939C02E00CF49C0 /* Base */,
				66B0B490294A250A00A00349 /* ja */,
			);
			name = LaunchScreen.storyboard;
			sourceTree = "<group>";
		};
/* End PBXVariantGroup section */

/* Begin XCBuildConfiguration section */
		662F09FC2939C02E00CF49C0 /* Debug */ = {
			isa = XCBuildConfiguration;
			buildSettings = {
				ALWAYS_SEARCH_USER_PATHS = NO;
				CLANG_ANALYZER_LOCALIZABILITY_NONLOCALIZED = YES;
				CLANG_ANALYZER_NONNULL = YES;
				CLANG_ANALYZER_NUMBER_OBJECT_CONVERSION = YES_AGGRESSIVE;
				CLANG_CXX_LANGUAGE_STANDARD = "gnu++20";
				CLANG_ENABLE_MODULES = YES;
				CLANG_ENABLE_OBJC_ARC = YES;
				CLANG_ENABLE_OBJC_WEAK = YES;
				CLANG_WARN_BLOCK_CAPTURE_AUTORELEASING = YES;
				CLANG_WARN_BOOL_CONVERSION = YES;
				CLANG_WARN_COMMA = YES;
				CLANG_WARN_CONSTANT_CONVERSION = YES;
				CLANG_WARN_DEPRECATED_OBJC_IMPLEMENTATIONS = YES;
				CLANG_WARN_DIRECT_OBJC_ISA_USAGE = YES_ERROR;
				CLANG_WARN_DOCUMENTATION_COMMENTS = YES;
				CLANG_WARN_EMPTY_BODY = YES;
				CLANG_WARN_ENUM_CONVERSION = YES;
				CLANG_WARN_INFINITE_RECURSION = YES;
				CLANG_WARN_INT_CONVERSION = YES;
				CLANG_WARN_NON_LITERAL_NULL_CONVERSION = YES;
				CLANG_WARN_OBJC_IMPLICIT_RETAIN_SELF = YES;
				CLANG_WARN_OBJC_LITERAL_CONVERSION = YES;
				CLANG_WARN_OBJC_ROOT_CLASS = YES_ERROR;
				CLANG_WARN_QUOTED_INCLUDE_IN_FRAMEWORK_HEADER = YES;
				CLANG_WARN_RANGE_LOOP_ANALYSIS = YES;
				CLANG_WARN_STRICT_PROTOTYPES = YES;
				CLANG_WARN_SUSPICIOUS_MOVE = YES;
				CLANG_WARN_UNGUARDED_AVAILABILITY = YES_AGGRESSIVE;
				CLANG_WARN_UNREACHABLE_CODE = YES;
				CLANG_WARN__DUPLICATE_METHOD_MATCH = YES;
				COPY_PHASE_STRIP = NO;
				DEBUG_INFORMATION_FORMAT = dwarf;
				ENABLE_STRICT_OBJC_MSGSEND = YES;
				ENABLE_TESTABILITY = YES;
				GCC_C_LANGUAGE_STANDARD = gnu11;
				GCC_DYNAMIC_NO_PIC = NO;
				GCC_NO_COMMON_BLOCKS = YES;
				GCC_OPTIMIZATION_LEVEL = 0;
				GCC_PREPROCESSOR_DEFINITIONS = (
					"DEBUG=1",
					"$(inherited)",
				);
				GCC_WARN_64_TO_32_BIT_CONVERSION = YES;
				GCC_WARN_ABOUT_RETURN_TYPE = YES_ERROR;
				GCC_WARN_UNDECLARED_SELECTOR = YES;
				GCC_WARN_UNINITIALIZED_AUTOS = YES_AGGRESSIVE;
				GCC_WARN_UNUSED_FUNCTION = YES;
				GCC_WARN_UNUSED_VARIABLE = YES;
				IPHONEOS_DEPLOYMENT_TARGET = 16.0;
				MTL_ENABLE_DEBUG_INFO = INCLUDE_SOURCE;
				MTL_FAST_MATH = YES;
				ONLY_ACTIVE_ARCH = YES;
				SDKROOT = iphoneos;
				SWIFT_ACTIVE_COMPILATION_CONDITIONS = DEBUG;
				SWIFT_OPTIMIZATION_LEVEL = "-Onone";
			};
			name = Debug;
		};
		662F09FD2939C02E00CF49C0 /* Release */ = {
			isa = XCBuildConfiguration;
			buildSettings = {
				ALWAYS_SEARCH_USER_PATHS = NO;
				CLANG_ANALYZER_LOCALIZABILITY_NONLOCALIZED = YES;
				CLANG_ANALYZER_NONNULL = YES;
				CLANG_ANALYZER_NUMBER_OBJECT_CONVERSION = YES_AGGRESSIVE;
				CLANG_CXX_LANGUAGE_STANDARD = "gnu++20";
				CLANG_ENABLE_MODULES = YES;
				CLANG_ENABLE_OBJC_ARC = YES;
				CLANG_ENABLE_OBJC_WEAK = YES;
				CLANG_WARN_BLOCK_CAPTURE_AUTORELEASING = YES;
				CLANG_WARN_BOOL_CONVERSION = YES;
				CLANG_WARN_COMMA = YES;
				CLANG_WARN_CONSTANT_CONVERSION = YES;
				CLANG_WARN_DEPRECATED_OBJC_IMPLEMENTATIONS = YES;
				CLANG_WARN_DIRECT_OBJC_ISA_USAGE = YES_ERROR;
				CLANG_WARN_DOCUMENTATION_COMMENTS = YES;
				CLANG_WARN_EMPTY_BODY = YES;
				CLANG_WARN_ENUM_CONVERSION = YES;
				CLANG_WARN_INFINITE_RECURSION = YES;
				CLANG_WARN_INT_CONVERSION = YES;
				CLANG_WARN_NON_LITERAL_NULL_CONVERSION = YES;
				CLANG_WARN_OBJC_IMPLICIT_RETAIN_SELF = YES;
				CLANG_WARN_OBJC_LITERAL_CONVERSION = YES;
				CLANG_WARN_OBJC_ROOT_CLASS = YES_ERROR;
				CLANG_WARN_QUOTED_INCLUDE_IN_FRAMEWORK_HEADER = YES;
				CLANG_WARN_RANGE_LOOP_ANALYSIS = YES;
				CLANG_WARN_STRICT_PROTOTYPES = YES;
				CLANG_WARN_SUSPICIOUS_MOVE = YES;
				CLANG_WARN_UNGUARDED_AVAILABILITY = YES_AGGRESSIVE;
				CLANG_WARN_UNREACHABLE_CODE = YES;
				CLANG_WARN__DUPLICATE_METHOD_MATCH = YES;
				COPY_PHASE_STRIP = NO;
				DEBUG_INFORMATION_FORMAT = "dwarf-with-dsym";
				ENABLE_NS_ASSERTIONS = NO;
				ENABLE_STRICT_OBJC_MSGSEND = YES;
				GCC_C_LANGUAGE_STANDARD = gnu11;
				GCC_NO_COMMON_BLOCKS = YES;
				GCC_WARN_64_TO_32_BIT_CONVERSION = YES;
				GCC_WARN_ABOUT_RETURN_TYPE = YES_ERROR;
				GCC_WARN_UNDECLARED_SELECTOR = YES;
				GCC_WARN_UNINITIALIZED_AUTOS = YES_AGGRESSIVE;
				GCC_WARN_UNUSED_FUNCTION = YES;
				GCC_WARN_UNUSED_VARIABLE = YES;
				IPHONEOS_DEPLOYMENT_TARGET = 16.0;
				MTL_ENABLE_DEBUG_INFO = NO;
				MTL_FAST_MATH = YES;
				SDKROOT = iphoneos;
				SWIFT_COMPILATION_MODE = wholemodule;
				SWIFT_OPTIMIZATION_LEVEL = "-O";
				VALIDATE_PRODUCT = YES;
			};
			name = Release;
		};
		662F09FF2939C02E00CF49C0 /* Debug */ = {
			isa = XCBuildConfiguration;
			baseConfigurationReference = C046567126AA0ADDBD3720BA /* Pods-randomtap.debug.xcconfig */;
			buildSettings = {
				ASSETCATALOG_COMPILER_APPICON_NAME = AppIcon;
				ASSETCATALOG_COMPILER_GLOBAL_ACCENT_COLOR_NAME = AccentColor;
				CODE_SIGN_STYLE = Automatic;
				CURRENT_PROJECT_VERSION = 1.0.0;
				DEVELOPMENT_TEAM = RL6XLKL7WG;
				GENERATE_INFOPLIST_FILE = YES;
				INFOPLIST_FILE = randomtap/Info.plist;
				INFOPLIST_KEY_LSApplicationCategoryType = "public.app-category.entertainment";
				INFOPLIST_KEY_UIApplicationSupportsIndirectInputEvents = YES;
				INFOPLIST_KEY_UILaunchStoryboardName = LaunchScreen;
				INFOPLIST_KEY_UIMainStoryboardFile = Main;
				INFOPLIST_KEY_UIStatusBarStyle = "";
				INFOPLIST_KEY_UISupportedInterfaceOrientations = UIInterfaceOrientationPortrait;
				INFOPLIST_KEY_UISupportedInterfaceOrientations_iPad = "UIInterfaceOrientationLandscapeLeft UIInterfaceOrientationLandscapeRight UIInterfaceOrientationPortrait UIInterfaceOrientationPortraitUpsideDown";
				INFOPLIST_KEY_UIUserInterfaceStyle = Light;
				IPHONEOS_DEPLOYMENT_TARGET = 16.0;
				LD_RUNPATH_SEARCH_PATHS = (
					"$(inherited)",
					"@executable_path/Frameworks",
				);
				MARKETING_VERSION = 1.0.0;
				PRODUCT_BUNDLE_IDENTIFIER = com.begin.randomtap;
				PRODUCT_NAME = "$(TARGET_NAME)";
				SUPPORTED_PLATFORMS = "iphoneos iphonesimulator";
				SUPPORTS_MACCATALYST = NO;
				SUPPORTS_MAC_DESIGNED_FOR_IPHONE_IPAD = NO;
				SWIFT_EMIT_LOC_STRINGS = YES;
				SWIFT_VERSION = 5.0;
				TARGETED_DEVICE_FAMILY = 1;
			};
			name = Debug;
		};
		662F0A002939C02E00CF49C0 /* Release */ = {
			isa = XCBuildConfiguration;
			baseConfigurationReference = D99ECAF28065F0734B1044A4 /* Pods-randomtap.release.xcconfig */;
			buildSettings = {
				ASSETCATALOG_COMPILER_APPICON_NAME = AppIcon;
				ASSETCATALOG_COMPILER_GLOBAL_ACCENT_COLOR_NAME = AccentColor;
				CODE_SIGN_STYLE = Automatic;
				CURRENT_PROJECT_VERSION = 1.0.0;
				DEVELOPMENT_TEAM = RL6XLKL7WG;
				GENERATE_INFOPLIST_FILE = YES;
				INFOPLIST_FILE = randomtap/Info.plist;
				INFOPLIST_KEY_LSApplicationCategoryType = "public.app-category.entertainment";
				INFOPLIST_KEY_UIApplicationSupportsIndirectInputEvents = YES;
				INFOPLIST_KEY_UILaunchStoryboardName = LaunchScreen;
				INFOPLIST_KEY_UIMainStoryboardFile = Main;
				INFOPLIST_KEY_UIStatusBarStyle = "";
				INFOPLIST_KEY_UISupportedInterfaceOrientations = UIInterfaceOrientationPortrait;
				INFOPLIST_KEY_UISupportedInterfaceOrientations_iPad = "UIInterfaceOrientationLandscapeLeft UIInterfaceOrientationLandscapeRight UIInterfaceOrientationPortrait UIInterfaceOrientationPortraitUpsideDown";
				INFOPLIST_KEY_UIUserInterfaceStyle = Light;
				IPHONEOS_DEPLOYMENT_TARGET = 16.0;
				LD_RUNPATH_SEARCH_PATHS = (
					"$(inherited)",
					"@executable_path/Frameworks",
				);
				MARKETING_VERSION = 1.0.0;
				PRODUCT_BUNDLE_IDENTIFIER = com.begin.randomtap;
				PRODUCT_NAME = "$(TARGET_NAME)";
				SUPPORTED_PLATFORMS = "iphoneos iphonesimulator";
				SUPPORTS_MACCATALYST = NO;
				SUPPORTS_MAC_DESIGNED_FOR_IPHONE_IPAD = NO;
				SWIFT_EMIT_LOC_STRINGS = YES;
				SWIFT_VERSION = 5.0;
				TARGETED_DEVICE_FAMILY = 1;
			};
			name = Release;
		};
/* End XCBuildConfiguration section */

/* Begin XCConfigurationList section */
		662F09E52939C02C00CF49C0 /* Build configuration list for PBXProject "randomtap" */ = {
			isa = XCConfigurationList;
			buildConfigurations = (
				662F09FC2939C02E00CF49C0 /* Debug */,
				662F09FD2939C02E00CF49C0 /* Release */,
			);
			defaultConfigurationIsVisible = 0;
			defaultConfigurationName = Release;
		};
		662F09FE2939C02E00CF49C0 /* Build configuration list for PBXNativeTarget "randomtap" */ = {
			isa = XCConfigurationList;
			buildConfigurations = (
				662F09FF2939C02E00CF49C0 /* Debug */,
				662F0A002939C02E00CF49C0 /* Release */,
			);
			defaultConfigurationIsVisible = 0;
			defaultConfigurationName = Release;
		};
/* End XCConfigurationList section */
	};
	rootObject = 662F09E22939C02C00CF49C0 /* Project object */;
}
